# This file is automatically @generated by Poetry 1.8.3 and should not be changed by hand.

[[package]]
name = "montydb"
version = "2.5.3"
description = "Monty, Mongo tinified. MongoDB implemented in Python !"
optional = false
python-versions = ">=3.7"
files = [
    {file = "montydb-2.5.3-py3-none-any.whl", hash = "sha256:bf575d00f3fcf72caf8508d0740454da90fee1ebb4f6192ada5b5ad06c33acd6"},
    {file = "montydb-2.5.3.tar.gz", hash = "sha256:10591b5c4e1b44d01faa18c5c001a4c738af52fdf8cac04b744a17e352a743ef"},
]

[metadata]
lock-version = "2.0"
python-versions = "^3.12"
content-hash = "557d612099c73645772968e2171ad6160f9320d9630618dc921eb67d26627671"
